// !$*UTF8*$!
{
	archiveVersion = 1;
	classes = {
	};
	objectVersion = 46;
	objects = {

/* Begin PBXBuildFile section */
		3911B3F81F01BA58003BC63D /* Assets.xcassets in Resources */ = {isa = PBXBuildFile; fileRef = 3911B3F71F01BA58003BC63D /* Assets.xcassets */; };
		3911B4061F01BA58003BC63D /* NF_TransitTests.swift in Sources */ = {isa = PBXBuildFile; fileRef = 3911B4051F01BA58003BC63D /* NF_TransitTests.swift */; };
		3911B4111F01BA58003BC63D /* NF_TransitUITests.swift in Sources */ = {isa = PBXBuildFile; fileRef = 3911B4101F01BA58003BC63D /* NF_TransitUITests.swift */; };
		3911B4251F01BBDB003BC63D /* Assets.xcassets in Resources */ = {isa = PBXBuildFile; fileRef = 3911B3F71F01BA58003BC63D /* Assets.xcassets */; };
		3911B42F1F01BC93003BC63D /* AppDelegate.swift in Sources */ = {isa = PBXBuildFile; fileRef = 3911B42C1F01BC93003BC63D /* AppDelegate.swift */; };
		3911B4301F01BC93003BC63D /* AppDelegate.swift in Sources */ = {isa = PBXBuildFile; fileRef = 3911B42C1F01BC93003BC63D /* AppDelegate.swift */; };
		3911B4341F01BC93003BC63D /* Prod-Info.plist in Resources */ = {isa = PBXBuildFile; fileRef = 3911B42E1F01BC93003BC63D /* Prod-Info.plist */; };
		3911B43A1F01C222003BC63D /* Info.plist in Resources */ = {isa = PBXBuildFile; fileRef = 3911B42D1F01BC93003BC63D /* Info.plist */; };
		3911B43F1F01C33E003BC63D /* NF_Transit.xcdatamodeld in Sources */ = {isa = PBXBuildFile; fileRef = 3911B43D1F01C33E003BC63D /* NF_Transit.xcdatamodeld */; };
		3911B4401F01C33E003BC63D /* NF_Transit.xcdatamodeld in Sources */ = {isa = PBXBuildFile; fileRef = 3911B43D1F01C33E003BC63D /* NF_Transit.xcdatamodeld */; };
		B866D2640248FFAAB425F73F /* libPods-NF-Transit Prod.a in Frameworks */ = {isa = PBXBuildFile; fileRef = 03D778CAFF6B23D0BC0721E2 /* libPods-NF-Transit Prod.a */; };
		CF1410137CECDE6780FF39EE /* libPods-NF-Transit.a in Frameworks */ = {isa = PBXBuildFile; fileRef = 0EB30426539693C188322823 /* libPods-NF-Transit.a */; };
/* End PBXBuildFile section */

/* Begin PBXContainerItemProxy section */
		3911B4021F01BA58003BC63D /* PBXContainerItemProxy */ = {
			isa = PBXContainerItemProxy;
			containerPortal = 3911B3E21F01BA58003BC63D /* Project object */;
			proxyType = 1;
			remoteGlobalIDString = 3911B3E91F01BA58003BC63D;
			remoteInfo = "NF-Transit";
		};
		3911B40D1F01BA58003BC63D /* PBXContainerItemProxy */ = {
			isa = PBXContainerItemProxy;
			containerPortal = 3911B3E21F01BA58003BC63D /* Project object */;
			proxyType = 1;
			remoteGlobalIDString = 3911B3E91F01BA58003BC63D;
			remoteInfo = "NF-Transit";
		};
/* End PBXContainerItemProxy section */

/* Begin PBXFileReference section */
		03D778CAFF6B23D0BC0721E2 /* libPods-NF-Transit Prod.a */ = {isa = PBXFileReference; explicitFileType = archive.ar; includeInIndex = 0; path = "libPods-NF-Transit Prod.a"; sourceTree = BUILT_PRODUCTS_DIR; };
		0EB30426539693C188322823 /* libPods-NF-Transit.a */ = {isa = PBXFileReference; explicitFileType = archive.ar; includeInIndex = 0; path = "libPods-NF-Transit.a"; sourceTree = BUILT_PRODUCTS_DIR; };
		3911B3EA1F01BA58003BC63D /* NF-Transit.app */ = {isa = PBXFileReference; explicitFileType = wrapper.application; includeInIndex = 0; path = "NF-Transit.app"; sourceTree = BUILT_PRODUCTS_DIR; };
		3911B3F71F01BA58003BC63D /* Assets.xcassets */ = {isa = PBXFileReference; lastKnownFileType = folder.assetcatalog; path = Assets.xcassets; sourceTree = "<group>"; };
		3911B4011F01BA58003BC63D /* NF-TransitTests.xctest */ = {isa = PBXFileReference; explicitFileType = wrapper.cfbundle; includeInIndex = 0; path = "NF-TransitTests.xctest"; sourceTree = BUILT_PRODUCTS_DIR; };
		3911B4051F01BA58003BC63D /* NF_TransitTests.swift */ = {isa = PBXFileReference; lastKnownFileType = sourcecode.swift; path = NF_TransitTests.swift; sourceTree = "<group>"; };
		3911B4071F01BA58003BC63D /* Info.plist */ = {isa = PBXFileReference; lastKnownFileType = text.plist.xml; path = Info.plist; sourceTree = "<group>"; };
		3911B40C1F01BA58003BC63D /* NF-TransitUITests.xctest */ = {isa = PBXFileReference; explicitFileType = wrapper.cfbundle; includeInIndex = 0; path = "NF-TransitUITests.xctest"; sourceTree = BUILT_PRODUCTS_DIR; };
		3911B4101F01BA58003BC63D /* NF_TransitUITests.swift */ = {isa = PBXFileReference; lastKnownFileType = sourcecode.swift; path = NF_TransitUITests.swift; sourceTree = "<group>"; };
		3911B4121F01BA58003BC63D /* Info.plist */ = {isa = PBXFileReference; lastKnownFileType = text.plist.xml; path = Info.plist; sourceTree = "<group>"; };
		3911B4291F01BBDB003BC63D /* NF-Transit Prod.app */ = {isa = PBXFileReference; explicitFileType = wrapper.application; includeInIndex = 0; path = "NF-Transit Prod.app"; sourceTree = BUILT_PRODUCTS_DIR; };
		3911B42C1F01BC93003BC63D /* AppDelegate.swift */ = {isa = PBXFileReference; fileEncoding = 4; lastKnownFileType = sourcecode.swift; path = AppDelegate.swift; sourceTree = "<group>"; };
		3911B42D1F01BC93003BC63D /* Info.plist */ = {isa = PBXFileReference; fileEncoding = 4; lastKnownFileType = text.plist.xml; name = Info.plist; path = "NF-Transit/Application/Info.plist"; sourceTree = SOURCE_ROOT; };
		3911B42E1F01BC93003BC63D /* Prod-Info.plist */ = {isa = PBXFileReference; fileEncoding = 4; lastKnownFileType = text.plist.xml; name = "Prod-Info.plist"; path = "NF-Transit/Application/Prod-Info.plist"; sourceTree = SOURCE_ROOT; };
		3911B43E1F01C33E003BC63D /* NF_Transit.xcdatamodel */ = {isa = PBXFileReference; lastKnownFileType = wrapper.xcdatamodel; path = NF_Transit.xcdatamodel; sourceTree = "<group>"; };
		5925A50B68C460A032E04ED1 /* Pods-NF-Transit Prod.release.xcconfig */ = {isa = PBXFileReference; includeInIndex = 1; lastKnownFileType = text.xcconfig; name = "Pods-NF-Transit Prod.release.xcconfig"; path = "Pods/Target Support Files/Pods-NF-Transit Prod/Pods-NF-Transit Prod.release.xcconfig"; sourceTree = "<group>"; };
		792892E24C43ABF823718A64 /* Pods-NF-Transit.debug.xcconfig */ = {isa = PBXFileReference; includeInIndex = 1; lastKnownFileType = text.xcconfig; name = "Pods-NF-Transit.debug.xcconfig"; path = "Pods/Target Support Files/Pods-NF-Transit/Pods-NF-Transit.debug.xcconfig"; sourceTree = "<group>"; };
		9EC6ECC1D9734C148566E7AC /* Pods-NF-Transit Prod.debug.xcconfig */ = {isa = PBXFileReference; includeInIndex = 1; lastKnownFileType = text.xcconfig; name = "Pods-NF-Transit Prod.debug.xcconfig"; path = "Pods/Target Support Files/Pods-NF-Transit Prod/Pods-NF-Transit Prod.debug.xcconfig"; sourceTree = "<group>"; };
		F60B13D7C5D998A62F61ED7B /* Pods-NF-Transit.release.xcconfig */ = {isa = PBXFileReference; includeInIndex = 1; lastKnownFileType = text.xcconfig; name = "Pods-NF-Transit.release.xcconfig"; path = "Pods/Target Support Files/Pods-NF-Transit/Pods-NF-Transit.release.xcconfig"; sourceTree = "<group>"; };
/* End PBXFileReference section */

/* Begin PBXFrameworksBuildPhase section */
		3911B3E71F01BA58003BC63D /* Frameworks */ = {
			isa = PBXFrameworksBuildPhase;
			buildActionMask = 2147483647;
			files = (
				CF1410137CECDE6780FF39EE /* libPods-NF-Transit.a in Frameworks */,
			);
			runOnlyForDeploymentPostprocessing = 0;
		};
		3911B3FE1F01BA58003BC63D /* Frameworks */ = {
			isa = PBXFrameworksBuildPhase;
			buildActionMask = 2147483647;
			files = (
			);
			runOnlyForDeploymentPostprocessing = 0;
		};
		3911B4091F01BA58003BC63D /* Frameworks */ = {
			isa = PBXFrameworksBuildPhase;
			buildActionMask = 2147483647;
			files = (
			);
			runOnlyForDeploymentPostprocessing = 0;
		};
		3911B4231F01BBDB003BC63D /* Frameworks */ = {
			isa = PBXFrameworksBuildPhase;
			buildActionMask = 2147483647;
			files = (
				B866D2640248FFAAB425F73F /* libPods-NF-Transit Prod.a in Frameworks */,
			);
			runOnlyForDeploymentPostprocessing = 0;
		};
/* End PBXFrameworksBuildPhase section */

/* Begin PBXGroup section */
		1EC75F7AF8BA5F848AC0C730 /* Pods */ = {
			isa = PBXGroup;
			children = (
				792892E24C43ABF823718A64 /* Pods-NF-Transit.debug.xcconfig */,
				F60B13D7C5D998A62F61ED7B /* Pods-NF-Transit.release.xcconfig */,
				9EC6ECC1D9734C148566E7AC /* Pods-NF-Transit Prod.debug.xcconfig */,
				5925A50B68C460A032E04ED1 /* Pods-NF-Transit Prod.release.xcconfig */,
			);
			name = Pods;
			sourceTree = "<group>";
		};
		3911B3E11F01BA58003BC63D = {
			isa = PBXGroup;
			children = (
				3911B3EC1F01BA58003BC63D /* NF-Transit */,
				3911B4041F01BA58003BC63D /* NF-TransitTests */,
				3911B40F1F01BA58003BC63D /* NF-TransitUITests */,
				3911B3EB1F01BA58003BC63D /* Products */,
				1EC75F7AF8BA5F848AC0C730 /* Pods */,
				A67A823FA7CB2614066A5C88 /* Frameworks */,
			);
			sourceTree = "<group>";
		};
		3911B3EB1F01BA58003BC63D /* Products */ = {
			isa = PBXGroup;
			children = (
				3911B3EA1F01BA58003BC63D /* NF-Transit.app */,
				3911B4011F01BA58003BC63D /* NF-TransitTests.xctest */,
				3911B40C1F01BA58003BC63D /* NF-TransitUITests.xctest */,
				3911B4291F01BBDB003BC63D /* NF-Transit Prod.app */,
			);
			name = Products;
			sourceTree = "<group>";
		};
		3911B3EC1F01BA58003BC63D /* NF-Transit */ = {
			isa = PBXGroup;
			children = (
				3911B42B1F01BC93003BC63D /* Application */,
				3911B43B1F01C33E003BC63D /* CoreData */,
				3911B3F71F01BA58003BC63D /* Assets.xcassets */,
			);
			path = "NF-Transit";
			sourceTree = "<group>";
		};
		3911B4041F01BA58003BC63D /* NF-TransitTests */ = {
			isa = PBXGroup;
			children = (
				3911B4051F01BA58003BC63D /* NF_TransitTests.swift */,
				3911B4071F01BA58003BC63D /* Info.plist */,
			);
			path = "NF-TransitTests";
			sourceTree = "<group>";
		};
		3911B40F1F01BA58003BC63D /* NF-TransitUITests */ = {
			isa = PBXGroup;
			children = (
				3911B4101F01BA58003BC63D /* NF_TransitUITests.swift */,
				3911B4121F01BA58003BC63D /* Info.plist */,
			);
			path = "NF-TransitUITests";
			sourceTree = "<group>";
		};
		3911B42B1F01BC93003BC63D /* Application */ = {
			isa = PBXGroup;
			children = (
				3911B42C1F01BC93003BC63D /* AppDelegate.swift */,
				3911B42D1F01BC93003BC63D /* Info.plist */,
				3911B42E1F01BC93003BC63D /* Prod-Info.plist */,
			);
			path = Application;
			sourceTree = "<group>";
		};
		3911B43B1F01C33E003BC63D /* CoreData */ = {
			isa = PBXGroup;
			children = (
				3911B43C1F01C33E003BC63D /* Schemas */,
			);
			path = CoreData;
			sourceTree = "<group>";
		};
		3911B43C1F01C33E003BC63D /* Schemas */ = {
			isa = PBXGroup;
			children = (
				3911B43D1F01C33E003BC63D /* NF_Transit.xcdatamodeld */,
			);
			path = Schemas;
			sourceTree = "<group>";
		};
		A67A823FA7CB2614066A5C88 /* Frameworks */ = {
			isa = PBXGroup;
			children = (
				0EB30426539693C188322823 /* libPods-NF-Transit.a */,
				03D778CAFF6B23D0BC0721E2 /* libPods-NF-Transit Prod.a */,
			);
			name = Frameworks;
			sourceTree = "<group>";
		};
/* End PBXGroup section */

/* Begin PBXNativeTarget section */
		3911B3E91F01BA58003BC63D /* NF-Transit */ = {
			isa = PBXNativeTarget;
			buildConfigurationList = 3911B4151F01BA58003BC63D /* Build configuration list for PBXNativeTarget "NF-Transit" */;
			buildPhases = (
				D8267910D5476B014C2AFB3E /* [CP] Check Pods Manifest.lock */,
				3911B3E61F01BA58003BC63D /* Sources */,
				3911B3E71F01BA58003BC63D /* Frameworks */,
				3911B3E81F01BA58003BC63D /* Resources */,
				C5FF8DCD9B55A102A27DA0E1 /* [CP] Embed Pods Frameworks */,
				44F3836C05E4231A8860B1F2 /* [CP] Copy Pods Resources */,
			);
			buildRules = (
			);
			dependencies = (
			);
			name = "NF-Transit";
			productName = "NF-Transit";
			productReference = 3911B3EA1F01BA58003BC63D /* NF-Transit.app */;
			productType = "com.apple.product-type.application";
		};
		3911B4001F01BA58003BC63D /* NF-TransitTests */ = {
			isa = PBXNativeTarget;
			buildConfigurationList = 3911B4181F01BA58003BC63D /* Build configuration list for PBXNativeTarget "NF-TransitTests" */;
			buildPhases = (
				3911B3FD1F01BA58003BC63D /* Sources */,
				3911B3FE1F01BA58003BC63D /* Frameworks */,
				3911B3FF1F01BA58003BC63D /* Resources */,
			);
			buildRules = (
			);
			dependencies = (
				3911B4031F01BA58003BC63D /* PBXTargetDependency */,
			);
			name = "NF-TransitTests";
			productName = "NF-TransitTests";
			productReference = 3911B4011F01BA58003BC63D /* NF-TransitTests.xctest */;
			productType = "com.apple.product-type.bundle.unit-test";
		};
		3911B40B1F01BA58003BC63D /* NF-TransitUITests */ = {
			isa = PBXNativeTarget;
			buildConfigurationList = 3911B41B1F01BA58003BC63D /* Build configuration list for PBXNativeTarget "NF-TransitUITests" */;
			buildPhases = (
				3911B4081F01BA58003BC63D /* Sources */,
				3911B4091F01BA58003BC63D /* Frameworks */,
				3911B40A1F01BA58003BC63D /* Resources */,
			);
			buildRules = (
			);
			dependencies = (
				3911B40E1F01BA58003BC63D /* PBXTargetDependency */,
			);
			name = "NF-TransitUITests";
			productName = "NF-TransitUITests";
			productReference = 3911B40C1F01BA58003BC63D /* NF-TransitUITests.xctest */;
			productType = "com.apple.product-type.bundle.ui-testing";
		};
		3911B41E1F01BBDB003BC63D /* NF-Transit Prod */ = {
			isa = PBXNativeTarget;
			buildConfigurationList = 3911B4261F01BBDB003BC63D /* Build configuration list for PBXNativeTarget "NF-Transit Prod" */;
			buildPhases = (
				1BED75DA07CFBFEFE0BC0AA9 /* [CP] Check Pods Manifest.lock */,
				3911B41F1F01BBDB003BC63D /* Sources */,
				3911B4231F01BBDB003BC63D /* Frameworks */,
				3911B4241F01BBDB003BC63D /* Resources */,
				A9CB474388AA9C3629DB0769 /* [CP] Embed Pods Frameworks */,
				7A72671036D0E3492BCCC7B9 /* [CP] Copy Pods Resources */,
			);
			buildRules = (
			);
			dependencies = (
			);
			name = "NF-Transit Prod";
			productName = "NF-Transit";
			productReference = 3911B4291F01BBDB003BC63D /* NF-Transit Prod.app */;
			productType = "com.apple.product-type.application";
		};
/* End PBXNativeTarget section */

/* Begin PBXProject section */
		3911B3E21F01BA58003BC63D /* Project object */ = {
			isa = PBXProject;
			attributes = {
				LastSwiftUpdateCheck = 0810;
				LastUpgradeCheck = 0810;
				ORGANIZATIONNAME = nkdev;
				TargetAttributes = {
					3911B3E91F01BA58003BC63D = {
						CreatedOnToolsVersion = 8.1;
						DevelopmentTeam = D84EQ2QV5P;
						ProvisioningStyle = Manual;
					};
					3911B4001F01BA58003BC63D = {
						CreatedOnToolsVersion = 8.1;
						DevelopmentTeam = 2D623BSTXN;
						ProvisioningStyle = Automatic;
						TestTargetID = 3911B3E91F01BA58003BC63D;
					};
					3911B40B1F01BA58003BC63D = {
						CreatedOnToolsVersion = 8.1;
						DevelopmentTeam = 2D623BSTXN;
						ProvisioningStyle = Automatic;
						TestTargetID = 3911B3E91F01BA58003BC63D;
					};
					3911B41E1F01BBDB003BC63D = {
						DevelopmentTeam = 2D623BSTXN;
					};
				};
			};
			buildConfigurationList = 3911B3E51F01BA58003BC63D /* Build configuration list for PBXProject "NF-Transit" */;
			compatibilityVersion = "Xcode 3.2";
			developmentRegion = English;
			hasScannedForEncodings = 0;
			knownRegions = (
				en,
				Base,
			);
			mainGroup = 3911B3E11F01BA58003BC63D;
			productRefGroup = 3911B3EB1F01BA58003BC63D /* Products */;
			projectDirPath = "";
			projectRoot = "";
			targets = (
				3911B3E91F01BA58003BC63D /* NF-Transit */,
				3911B41E1F01BBDB003BC63D /* NF-Transit Prod */,
				3911B4001F01BA58003BC63D /* NF-TransitTests */,
				3911B40B1F01BA58003BC63D /* NF-TransitUITests */,
			);
		};
/* End PBXProject section */

/* Begin PBXResourcesBuildPhase section */
		3911B3E81F01BA58003BC63D /* Resources */ = {
			isa = PBXResourcesBuildPhase;
			buildActionMask = 2147483647;
			files = (
				3911B43A1F01C222003BC63D /* Info.plist in Resources */,
				3911B3F81F01BA58003BC63D /* Assets.xcassets in Resources */,
			);
			runOnlyForDeploymentPostprocessing = 0;
		};
		3911B3FF1F01BA58003BC63D /* Resources */ = {
			isa = PBXResourcesBuildPhase;
			buildActionMask = 2147483647;
			files = (
			);
			runOnlyForDeploymentPostprocessing = 0;
		};
		3911B40A1F01BA58003BC63D /* Resources */ = {
			isa = PBXResourcesBuildPhase;
			buildActionMask = 2147483647;
			files = (
			);
			runOnlyForDeploymentPostprocessing = 0;
		};
		3911B4241F01BBDB003BC63D /* Resources */ = {
			isa = PBXResourcesBuildPhase;
			buildActionMask = 2147483647;
			files = (
				3911B4251F01BBDB003BC63D /* Assets.xcassets in Resources */,
				3911B4341F01BC93003BC63D /* Prod-Info.plist in Resources */,
			);
			runOnlyForDeploymentPostprocessing = 0;
		};
/* End PBXResourcesBuildPhase section */

/* Begin PBXShellScriptBuildPhase section */
		1BED75DA07CFBFEFE0BC0AA9 /* [CP] Check Pods Manifest.lock */ = {
			isa = PBXShellScriptBuildPhase;
			buildActionMask = 2147483647;
			files = (
			);
			inputPaths = (
			);
			name = "[CP] Check Pods Manifest.lock";
			outputPaths = (
			);
			runOnlyForDeploymentPostprocessing = 0;
			shellPath = /bin/sh;
			shellScript = "diff \"${PODS_PODFILE_DIR_PATH}/Podfile.lock\" \"${PODS_ROOT}/Manifest.lock\" > /dev/null\nif [ $? != 0 ] ; then\n    # print error to STDERR\n    echo \"error: The sandbox is not in sync with the Podfile.lock. Run 'pod install' or update your CocoaPods installation.\" >&2\n    exit 1\nfi\n";
			showEnvVarsInLog = 0;
		};
		44F3836C05E4231A8860B1F2 /* [CP] Copy Pods Resources */ = {
			isa = PBXShellScriptBuildPhase;
			buildActionMask = 2147483647;
			files = (
			);
			inputPaths = (
			);
			name = "[CP] Copy Pods Resources";
			outputPaths = (
			);
			runOnlyForDeploymentPostprocessing = 0;
			shellPath = /bin/sh;
			shellScript = "\"${SRCROOT}/Pods/Target Support Files/Pods-NF-Transit/Pods-NF-Transit-resources.sh\"\n";
			showEnvVarsInLog = 0;
		};
		7A72671036D0E3492BCCC7B9 /* [CP] Copy Pods Resources */ = {
			isa = PBXShellScriptBuildPhase;
			buildActionMask = 2147483647;
			files = (
			);
			inputPaths = (
			);
			name = "[CP] Copy Pods Resources";
			outputPaths = (
			);
			runOnlyForDeploymentPostprocessing = 0;
			shellPath = /bin/sh;
			shellScript = "\"${SRCROOT}/Pods/Target Support Files/Pods-NF-Transit Prod/Pods-NF-Transit Prod-resources.sh\"\n";
			showEnvVarsInLog = 0;
		};
		A9CB474388AA9C3629DB0769 /* [CP] Embed Pods Frameworks */ = {
			isa = PBXShellScriptBuildPhase;
			buildActionMask = 2147483647;
			files = (
			);
			inputPaths = (
			);
			name = "[CP] Embed Pods Frameworks";
			outputPaths = (
			);
			runOnlyForDeploymentPostprocessing = 0;
			shellPath = /bin/sh;
			shellScript = "\"${SRCROOT}/Pods/Target Support Files/Pods-NF-Transit Prod/Pods-NF-Transit Prod-frameworks.sh\"\n";
			showEnvVarsInLog = 0;
		};
		C5FF8DCD9B55A102A27DA0E1 /* [CP] Embed Pods Frameworks */ = {
			isa = PBXShellScriptBuildPhase;
			buildActionMask = 2147483647;
			files = (
			);
			inputPaths = (
			);
			name = "[CP] Embed Pods Frameworks";
			outputPaths = (
			);
			runOnlyForDeploymentPostprocessing = 0;
			shellPath = /bin/sh;
			shellScript = "\"${SRCROOT}/Pods/Target Support Files/Pods-NF-Transit/Pods-NF-Transit-frameworks.sh\"\n";
			showEnvVarsInLog = 0;
		};
		D8267910D5476B014C2AFB3E /* [CP] Check Pods Manifest.lock */ = {
			isa = PBXShellScriptBuildPhase;
			buildActionMask = 2147483647;
			files = (
			);
			inputPaths = (
			);
			name = "[CP] Check Pods Manifest.lock";
			outputPaths = (
			);
			runOnlyForDeploymentPostprocessing = 0;
			shellPath = /bin/sh;
			shellScript = "diff \"${PODS_PODFILE_DIR_PATH}/Podfile.lock\" \"${PODS_ROOT}/Manifest.lock\" > /dev/null\nif [ $? != 0 ] ; then\n    # print error to STDERR\n    echo \"error: The sandbox is not in sync with the Podfile.lock. Run 'pod install' or update your CocoaPods installation.\" >&2\n    exit 1\nfi\n";
			showEnvVarsInLog = 0;
		};
/* End PBXShellScriptBuildPhase section */

/* Begin PBXSourcesBuildPhase section */
		3911B3E61F01BA58003BC63D /* Sources */ = {
			isa = PBXSourcesBuildPhase;
			buildActionMask = 2147483647;
			files = (
				3911B42F1F01BC93003BC63D /* AppDelegate.swift in Sources */,
				3911B43F1F01C33E003BC63D /* NF_Transit.xcdatamodeld in Sources */,
			);
			runOnlyForDeploymentPostprocessing = 0;
		};
		3911B3FD1F01BA58003BC63D /* Sources */ = {
			isa = PBXSourcesBuildPhase;
			buildActionMask = 2147483647;
			files = (
				3911B4061F01BA58003BC63D /* NF_TransitTests.swift in Sources */,
			);
			runOnlyForDeploymentPostprocessing = 0;
		};
		3911B4081F01BA58003BC63D /* Sources */ = {
			isa = PBXSourcesBuildPhase;
			buildActionMask = 2147483647;
			files = (
				3911B4111F01BA58003BC63D /* NF_TransitUITests.swift in Sources */,
			);
			runOnlyForDeploymentPostprocessing = 0;
		};
		3911B41F1F01BBDB003BC63D /* Sources */ = {
			isa = PBXSourcesBuildPhase;
			buildActionMask = 2147483647;
			files = (
				3911B4301F01BC93003BC63D /* AppDelegate.swift in Sources */,
				3911B4401F01C33E003BC63D /* NF_Transit.xcdatamodeld in Sources */,
			);
			runOnlyForDeploymentPostprocessing = 0;
		};
/* End PBXSourcesBuildPhase section */

/* Begin PBXTargetDependency section */
		3911B4031F01BA58003BC63D /* PBXTargetDependency */ = {
			isa = PBXTargetDependency;
			target = 3911B3E91F01BA58003BC63D /* NF-Transit */;
			targetProxy = 3911B4021F01BA58003BC63D /* PBXContainerItemProxy */;
		};
		3911B40E1F01BA58003BC63D /* PBXTargetDependency */ = {
			isa = PBXTargetDependency;
			target = 3911B3E91F01BA58003BC63D /* NF-Transit */;
			targetProxy = 3911B40D1F01BA58003BC63D /* PBXContainerItemProxy */;
		};
/* End PBXTargetDependency section */

/* Begin XCBuildConfiguration section */
		3911B4131F01BA58003BC63D /* Debug */ = {
			isa = XCBuildConfiguration;
			buildSettings = {
				ALWAYS_SEARCH_USER_PATHS = NO;
				CLANG_ANALYZER_NONNULL = YES;
				CLANG_CXX_LANGUAGE_STANDARD = "gnu++0x";
				CLANG_CXX_LIBRARY = "libc++";
				CLANG_ENABLE_MODULES = YES;
				CLANG_ENABLE_OBJC_ARC = YES;
				CLANG_WARN_BOOL_CONVERSION = YES;
				CLANG_WARN_CONSTANT_CONVERSION = YES;
				CLANG_WARN_DIRECT_OBJC_ISA_USAGE = YES_ERROR;
				CLANG_WARN_DOCUMENTATION_COMMENTS = YES;
				CLANG_WARN_EMPTY_BODY = YES;
				CLANG_WARN_ENUM_CONVERSION = YES;
				CLANG_WARN_INFINITE_RECURSION = YES;
				CLANG_WARN_INT_CONVERSION = YES;
				CLANG_WARN_OBJC_ROOT_CLASS = YES_ERROR;
				CLANG_WARN_SUSPICIOUS_MOVES = YES;
				CLANG_WARN_UNREACHABLE_CODE = YES;
				CLANG_WARN__DUPLICATE_METHOD_MATCH = YES;
				"CODE_SIGN_IDENTITY[sdk=iphoneos*]" = "iPhone Developer";
				COPY_PHASE_STRIP = NO;
				DEBUG_INFORMATION_FORMAT = dwarf;
				ENABLE_STRICT_OBJC_MSGSEND = YES;
				ENABLE_TESTABILITY = YES;
				GCC_C_LANGUAGE_STANDARD = gnu99;
				GCC_DYNAMIC_NO_PIC = NO;
				GCC_NO_COMMON_BLOCKS = YES;
				GCC_OPTIMIZATION_LEVEL = 0;
				GCC_PREPROCESSOR_DEFINITIONS = (
					"DEBUG=1",
					"$(inherited)",
				);
				GCC_WARN_64_TO_32_BIT_CONVERSION = YES;
				GCC_WARN_ABOUT_RETURN_TYPE = YES_ERROR;
				GCC_WARN_UNDECLARED_SELECTOR = YES;
				GCC_WARN_UNINITIALIZED_AUTOS = YES_AGGRESSIVE;
				GCC_WARN_UNUSED_FUNCTION = YES;
				GCC_WARN_UNUSED_VARIABLE = YES;
				IPHONEOS_DEPLOYMENT_TARGET = 10.1;
				MTL_ENABLE_DEBUG_INFO = YES;
				ONLY_ACTIVE_ARCH = YES;
				SDKROOT = iphoneos;
				SWIFT_ACTIVE_COMPILATION_CONDITIONS = DEBUG;
				SWIFT_OPTIMIZATION_LEVEL = "-Onone";
			};
			name = Debug;
		};
		3911B4141F01BA58003BC63D /* Release */ = {
			isa = XCBuildConfiguration;
			buildSettings = {
				ALWAYS_SEARCH_USER_PATHS = NO;
				CLANG_ANALYZER_NONNULL = YES;
				CLANG_CXX_LANGUAGE_STANDARD = "gnu++0x";
				CLANG_CXX_LIBRARY = "libc++";
				CLANG_ENABLE_MODULES = YES;
				CLANG_ENABLE_OBJC_ARC = YES;
				CLANG_WARN_BOOL_CONVERSION = YES;
				CLANG_WARN_CONSTANT_CONVERSION = YES;
				CLANG_WARN_DIRECT_OBJC_ISA_USAGE = YES_ERROR;
				CLANG_WARN_DOCUMENTATION_COMMENTS = YES;
				CLANG_WARN_EMPTY_BODY = YES;
				CLANG_WARN_ENUM_CONVERSION = YES;
				CLANG_WARN_INFINITE_RECURSION = YES;
				CLANG_WARN_INT_CONVERSION = YES;
				CLANG_WARN_OBJC_ROOT_CLASS = YES_ERROR;
				CLANG_WARN_SUSPICIOUS_MOVES = YES;
				CLANG_WARN_UNREACHABLE_CODE = YES;
				CLANG_WARN__DUPLICATE_METHOD_MATCH = YES;
				"CODE_SIGN_IDENTITY[sdk=iphoneos*]" = "iPhone Developer";
				COPY_PHASE_STRIP = NO;
				DEBUG_INFORMATION_FORMAT = "dwarf-with-dsym";
				ENABLE_NS_ASSERTIONS = NO;
				ENABLE_STRICT_OBJC_MSGSEND = YES;
				GCC_C_LANGUAGE_STANDARD = gnu99;
				GCC_NO_COMMON_BLOCKS = YES;
				GCC_WARN_64_TO_32_BIT_CONVERSION = YES;
				GCC_WARN_ABOUT_RETURN_TYPE = YES_ERROR;
				GCC_WARN_UNDECLARED_SELECTOR = YES;
				GCC_WARN_UNINITIALIZED_AUTOS = YES_AGGRESSIVE;
				GCC_WARN_UNUSED_FUNCTION = YES;
				GCC_WARN_UNUSED_VARIABLE = YES;
				IPHONEOS_DEPLOYMENT_TARGET = 10.1;
				MTL_ENABLE_DEBUG_INFO = NO;
				SDKROOT = iphoneos;
				SWIFT_OPTIMIZATION_LEVEL = "-Owholemodule";
				VALIDATE_PRODUCT = YES;
			};
			name = Release;
		};
		3911B4161F01BA58003BC63D /* Debug */ = {
			isa = XCBuildConfiguration;
			baseConfigurationReference = 792892E24C43ABF823718A64 /* Pods-NF-Transit.debug.xcconfig */;
			buildSettings = {
				ASSETCATALOG_COMPILER_APPICON_NAME = AppIcon;
				CODE_SIGN_IDENTITY = "iPhone Developer: nkennedydev+appleca@gmail.com (TYL74V5GNM)";
				"CODE_SIGN_IDENTITY[sdk=iphoneos*]" = "iPhone Developer";
				DEVELOPMENT_TEAM = D84EQ2QV5P;
				INFOPLIST_FILE = "NF-Transit/Application/Info.plist";
				LD_RUNPATH_SEARCH_PATHS = "$(inherited) @executable_path/Frameworks";
				PRODUCT_BUNDLE_IDENTIFIER = com.nkdev.nftransit;
				PRODUCT_NAME = "$(TARGET_NAME)";
				PROVISIONING_PROFILE = "5ede9cfb-3577-424e-84d2-fb4312d30ba7";
				PROVISIONING_PROFILE_SPECIFIER = "NFTransit Dev";
				SWIFT_VERSION = 3.0;
			};
			name = Debug;
		};
		3911B4171F01BA58003BC63D /* Release */ = {
			isa = XCBuildConfiguration;
			baseConfigurationReference = F60B13D7C5D998A62F61ED7B /* Pods-NF-Transit.release.xcconfig */;
			buildSettings = {
				ASSETCATALOG_COMPILER_APPICON_NAME = AppIcon;
				"CODE_SIGN_IDENTITY[sdk=iphoneos*]" = "iPhone Developer";
				DEVELOPMENT_TEAM = D84EQ2QV5P;
				INFOPLIST_FILE = "NF-Transit/Application/Info.plist";
				LD_RUNPATH_SEARCH_PATHS = "$(inherited) @executable_path/Frameworks";
				PRODUCT_BUNDLE_IDENTIFIER = com.nkdev.nftransit;
				PRODUCT_NAME = "$(TARGET_NAME)";
				PROVISIONING_PROFILE = "5ede9cfb-3577-424e-84d2-fb4312d30ba7";
				PROVISIONING_PROFILE_SPECIFIER = "NFTransit Dev";
				SWIFT_VERSION = 3.0;
			};
			name = Release;
		};
		3911B4191F01BA58003BC63D /* Debug */ = {
			isa = XCBuildConfiguration;
			buildSettings = {
				ALWAYS_EMBED_SWIFT_STANDARD_LIBRARIES = YES;
				BUNDLE_LOADER = "$(TEST_HOST)";
				DEVELOPMENT_TEAM = 2D623BSTXN;
				INFOPLIST_FILE = "NF-TransitTests/Info.plist";
				LD_RUNPATH_SEARCH_PATHS = "$(inherited) @executable_path/Frameworks @loader_path/Frameworks";
				PRODUCT_BUNDLE_IDENTIFIER = "nkdev.NF-TransitTests";
				PRODUCT_NAME = "$(TARGET_NAME)";
				SWIFT_VERSION = 3.0;
				TEST_HOST = "$(BUILT_PRODUCTS_DIR)/NF-Transit.app/NF-Transit";
			};
			name = Debug;
		};
		3911B41A1F01BA58003BC63D /* Release */ = {
			isa = XCBuildConfiguration;
			buildSettings = {
				ALWAYS_EMBED_SWIFT_STANDARD_LIBRARIES = YES;
				BUNDLE_LOADER = "$(TEST_HOST)";
				DEVELOPMENT_TEAM = 2D623BSTXN;
				INFOPLIST_FILE = "NF-TransitTests/Info.plist";
				LD_RUNPATH_SEARCH_PATHS = "$(inherited) @executable_path/Frameworks @loader_path/Frameworks";
				PRODUCT_BUNDLE_IDENTIFIER = "nkdev.NF-TransitTests";
				PRODUCT_NAME = "$(TARGET_NAME)";
				SWIFT_VERSION = 3.0;
				TEST_HOST = "$(BUILT_PRODUCTS_DIR)/NF-Transit.app/NF-Transit";
			};
			name = Release;
		};
		3911B41C1F01BA58003BC63D /* Debug */ = {
			isa = XCBuildConfiguration;
			buildSettings = {
				ALWAYS_EMBED_SWIFT_STANDARD_LIBRARIES = YES;
				DEVELOPMENT_TEAM = 2D623BSTXN;
				INFOPLIST_FILE = "NF-TransitUITests/Info.plist";
				LD_RUNPATH_SEARCH_PATHS = "$(inherited) @executable_path/Frameworks @loader_path/Frameworks";
				PRODUCT_BUNDLE_IDENTIFIER = "nkdev.NF-TransitUITests";
				PRODUCT_NAME = "$(TARGET_NAME)";
				SWIFT_VERSION = 3.0;
				TEST_TARGET_NAME = "NF-Transit";
			};
			name = Debug;
		};
		3911B41D1F01BA58003BC63D /* Release */ = {
			isa = XCBuildConfiguration;
			buildSettings = {
				ALWAYS_EMBED_SWIFT_STANDARD_LIBRARIES = YES;
				DEVELOPMENT_TEAM = 2D623BSTXN;
				INFOPLIST_FILE = "NF-TransitUITests/Info.plist";
				LD_RUNPATH_SEARCH_PATHS = "$(inherited) @executable_path/Frameworks @loader_path/Frameworks";
				PRODUCT_BUNDLE_IDENTIFIER = "nkdev.NF-TransitUITests";
				PRODUCT_NAME = "$(TARGET_NAME)";
				SWIFT_VERSION = 3.0;
				TEST_TARGET_NAME = "NF-Transit";
			};
			name = Release;
		};
		3911B4271F01BBDB003BC63D /* Debug */ = {
			isa = XCBuildConfiguration;
			baseConfigurationReference = 9EC6ECC1D9734C148566E7AC /* Pods-NF-Transit Prod.debug.xcconfig */;
			buildSettings = {
				ASSETCATALOG_COMPILER_APPICON_NAME = AppIcon;
				DEVELOPMENT_TEAM = 2D623BSTXN;
				INFOPLIST_FILE = "NF-Transit/Application/Prod-Info.plist";
				LD_RUNPATH_SEARCH_PATHS = "$(inherited) @executable_path/Frameworks";
				PRODUCT_BUNDLE_IDENTIFIER = com.nkdev.NFTransit.prod;
				PRODUCT_NAME = "$(TARGET_NAME)";
				SWIFT_VERSION = 3.0;
			};
			name = Debug;
		};
		3911B4281F01BBDB003BC63D /* Release */ = {
			isa = XCBuildConfiguration;
			baseConfigurationReference = 5925A50B68C460A032E04ED1 /* Pods-NF-Transit Prod.release.xcconfig */;
			buildSettings = {
				ASSETCATALOG_COMPILER_APPICON_NAME = AppIcon;
				DEVELOPMENT_TEAM = 2D623BSTXN;
				INFOPLIST_FILE = "NF-Transit/Application/Prod-Info.plist";
				LD_RUNPATH_SEARCH_PATHS = "$(inherited) @executable_path/Frameworks";
				PRODUCT_BUNDLE_IDENTIFIER = com.nkdev.NFTransit.prod;
				PRODUCT_NAME = "$(TARGET_NAME)";
				SWIFT_VERSION = 3.0;
			};
			name = Release;
		};
/* End XCBuildConfiguration section */

/* Begin XCConfigurationList section */
		3911B3E51F01BA58003BC63D /* Build configuration list for PBXProject "NF-Transit" */ = {
			isa = XCConfigurationList;
			buildConfigurations = (
				3911B4131F01BA58003BC63D /* Debug */,
				3911B4141F01BA58003BC63D /* Release */,
			);
			defaultConfigurationIsVisible = 0;
			defaultConfigurationName = Release;
		};
		3911B4151F01BA58003BC63D /* Build configuration list for PBXNativeTarget "NF-Transit" */ = {
			isa = XCConfigurationList;
			buildConfigurations = (
				3911B4161F01BA58003BC63D /* Debug */,
				3911B4171F01BA58003BC63D /* Release */,
			);
			defaultConfigurationIsVisible = 0;
			defaultConfigurationName = Release;
		};
		3911B4181F01BA58003BC63D /* Build configuration list for PBXNativeTarget "NF-TransitTests" */ = {
			isa = XCConfigurationList;
			buildConfigurations = (
				3911B4191F01BA58003BC63D /* Debug */,
				3911B41A1F01BA58003BC63D /* Release */,
			);
			defaultConfigurationIsVisible = 0;
			defaultConfigurationName = Release;
		};
		3911B41B1F01BA58003BC63D /* Build configuration list for PBXNativeTarget "NF-TransitUITests" */ = {
			isa = XCConfigurationList;
			buildConfigurations = (
				3911B41C1F01BA58003BC63D /* Debug */,
				3911B41D1F01BA58003BC63D /* Release */,
			);
			defaultConfigurationIsVisible = 0;
			defaultConfigurationName = Release;
		};
		3911B4261F01BBDB003BC63D /* Build configuration list for PBXNativeTarget "NF-Transit Prod" */ = {
			isa = XCConfigurationList;
			buildConfigurations = (
				3911B4271F01BBDB003BC63D /* Debug */,
				3911B4281F01BBDB003BC63D /* Release */,
			);
			defaultConfigurationIsVisible = 0;
			defaultConfigurationName = Release;
		};
/* End XCConfigurationList section */

/* Begin XCVersionGroup section */
		3911B43D1F01C33E003BC63D /* NF_Transit.xcdatamodeld */ = {
			isa = XCVersionGroup;
			children = (
				3911B43E1F01C33E003BC63D /* NF_Transit.xcdatamodel */,
			);
			currentVersion = 3911B43E1F01C33E003BC63D /* NF_Transit.xcdatamodel */;
			path = NF_Transit.xcdatamodeld;
			sourceTree = "<group>";
			versionGroupType = wrapper.xcdatamodel;
		};
/* End XCVersionGroup section */
	};
	rootObject = 3911B3E21F01BA58003BC63D /* Project object */;
}
